
Microsoft Visual Studio Solution File, Format Version 12.00
# Visual Studio 15
Project("{FAE04EC0-301F-11D3-BF4B-00C04F79EFBC}") = "Assembly-CSharp", "Assembly-CSharp.csproj", "{1CD0A280-E84A-6209-0493-B0F5F6AC9132}"
EndProject
Project("{FAE04EC0-301F-11D3-BF4B-00C04F79EFBC}") = "Assembly-CSharp-firstpass", "Assembly-CSharp-firstpass.csproj", "{031F46BD-A2CE-FDC2-80DC-2DD508575155}"
EndProject
Project("{FAE04EC0-301F-11D3-BF4B-00C04F79EFBC}") = "Assembly-CSharp-Editor-firstpass", "Assembly-CSharp-Editor-firstpass.csproj", "{CCC48E33-0054-0349-2D8B-68AB560E5E7B}"
EndProject
Project("{FAE04EC0-301F-11D3-BF4B-00C04F79EFBC}") = "Assembly-CSharp-Editor", "Assembly-CSharp-Editor.csproj", "{FB3AA1F7-3318-409D-284D-DF31B0C8766E}"
EndProject
Global
	GlobalSection(SolutionConfigurationPlatforms) = preSolution
		Debug|Any CPU = Debug|Any CPU
		Release|Any CPU = Release|Any CPU
	EndGlobalSection
	GlobalSection(ProjectConfigurationPlatforms) = postSolution
		{1CD0A280-E84A-6209-0493-B0F5F6AC9132}.Debug|Any CPU.ActiveCfg = Debug|Any CPU
		{1CD0A280-E84A-6209-0493-B0F5F6AC9132}.Debug|Any CPU.Build.0 = Debug|Any CPU
		{1CD0A280-E84A-6209-0493-B0F5F6AC9132}.Release|Any CPU.ActiveCfg = Release|Any CPU
		{1CD0A280-E84A-6209-0493-B0F5F6AC9132}.Release|Any CPU.Build.0 = Release|Any CPU
		{031F46BD-A2CE-FDC2-80DC-2DD508575155}.Debug|Any CPU.ActiveCfg = Debug|Any CPU
		{031F46BD-A2CE-FDC2-80DC-2DD508575155}.Debug|Any CPU.Build.0 = Debug|Any CPU
		{031F46BD-A2CE-FDC2-80DC-2DD508575155}.Release|Any CPU.ActiveCfg = Release|Any CPU
		{031F46BD-A2CE-FDC2-80DC-2DD508575155}.Release|Any CPU.Build.0 = Release|Any CPU
		{CCC48E33-0054-0349-2D8B-68AB560E5E7B}.Debug|Any CPU.ActiveCfg = Debug|Any CPU
		{CCC48E33-0054-0349-2D8B-68AB560E5E7B}.Debug|Any CPU.Build.0 = Debug|Any CPU
		{CCC48E33-0054-0349-2D8B-68AB560E5E7B}.Release|Any CPU.ActiveCfg = Release|Any CPU
		{CCC48E33-0054-0349-2D8B-68AB560E5E7B}.Release|Any CPU.Build.0 = Release|Any CPU
		{FB3AA1F7-3318-409D-284D-DF31B0C8766E}.Debug|Any CPU.ActiveCfg = Debug|Any CPU
		{FB3AA1F7-3318-409D-284D-DF31B0C8766E}.Debug|Any CPU.Build.0 = Debug|Any CPU
		{FB3AA1F7-3318-409D-284D-DF31B0C8766E}.Release|Any CPU.ActiveCfg = Release|Any CPU
		{FB3AA1F7-3318-409D-284D-DF31B0C8766E}.Release|Any CPU.Build.0 = Release|Any CPU
	EndGlobalSection
	GlobalSection(SolutionProperties) = preSolution
		HideSolutionNode = FALSE
	EndGlobalSection
EndGlobal
